{
    "name": "bmad-odoo",
    "version": "1.0.4",
    "lockfileVersion": 3,
    "requires": true,
    "packages": {
        "": {
            "name": "bmad-odoo",
            "version": "1.0.4",
            "hasInstallScript": true,
            "license": "MIT",
            "dependencies": {
                "bmad-odoo": "^1.0.0"
            },
            "bin": {
                "bmad-odoo-setup": "scripts/setup-cli.js"
            },
            "engines": {
                "node": ">=18.0.0"
            }
        },
        "node_modules/bmad-odoo": {
            "version": "1.0.0",
            "resolved": "https://registry.npmjs.org/bmad-odoo/-/bmad-odoo-1.0.0.tgz",
            "integrity": "sha512-OdRZoCvsu07bzqhncZ1DhGkBr+GW5720lm17dJuNpUzD/dCBNyW9mHgdlXq2YSS5rwlm3h2gktr2sbQrMN/Elw==",
            "hasInstallScript": true,
            "license": "MIT",
            "bin": {
                "bmad-odoo-setup": "scripts/setup-cli.js"
            },
            "engines": {
                "node": ">=18.0.0"
            }
        }
    }
}
